// !$*UTF8*$!
{
	archiveVersion = 1;
	classes = {
	};
	objectVersion = 77;
	objects = {

/* Begin PBXBuildFile section */
		7CE5B8D62D763DBA00774D5C /* Efficiency.swift in Sources */ = {isa = PBXBuildFile; fileRef = 7CE5B8CB2D763DBA00774D5C /* Efficiency.swift */; };
		7CE5B8D72D763DBA00774D5C /* EfficiencyModel.swift in Sources */ = {isa = PBXBuildFile; fileRef = 7CE5B8CF2D763DBA00774D5C /* EfficiencyModel.swift */; };
		7CE5B8D82D763DBA00774D5C /* FuelEfficiencyView.swift in Sources */ = {isa = PBXBuildFile; fileRef = 7CE5B8D32D763DBA00774D5C /* FuelEfficiencyView.swift */; };
		7CE5B8D92D763DBA00774D5C /* FuelEffApp.swift in Sources */ = {isa = PBXBuildFile; fileRef = 7CE5B8D42D763DBA00774D5C /* FuelEffApp.swift */; };
		7CE5B8DA2D763DBA00774D5C /* Preview Assets.xcassets in Resources */ = {isa = PBXBuildFile; fileRef = 7CE5B8CD2D763DBA00774D5C /* Preview Assets.xcassets */; };
		7CE5B8DB2D763DBA00774D5C /* Assets.xcassets in Resources */ = {isa = PBXBuildFile; fileRef = 7CE5B8D22D763DBA00774D5C /* Assets.xcassets */; };
/* End PBXBuildFile section */

/* Begin PBXFileReference section */
		7CE5B8B12D763B0A00774D5C /* FuelEff.app */ = {isa = PBXFileReference; explicitFileType = wrapper.application; includeInIndex = 0; path = FuelEff.app; sourceTree = BUILT_PRODUCTS_DIR; };
		7CE5B8CB2D763DBA00774D5C /* Efficiency.swift */ = {isa = PBXFileReference; lastKnownFileType = sourcecode.swift; path = Efficiency.swift; sourceTree = "<group>"; };
		7CE5B8CD2D763DBA00774D5C /* Preview Assets.xcassets */ = {isa = PBXFileReference; lastKnownFileType = folder.assetcatalog; path = "Preview Assets.xcassets"; sourceTree = "<group>"; };
		7CE5B8CF2D763DBA00774D5C /* EfficiencyModel.swift */ = {isa = PBXFileReference; lastKnownFileType = sourcecode.swift; path = EfficiencyModel.swift; sourceTree = "<group>"; };
		7CE5B8D22D763DBA00774D5C /* Assets.xcassets */ = {isa = PBXFileReference; lastKnownFileType = folder.assetcatalog; path = Assets.xcassets; sourceTree = "<group>"; };
		7CE5B8D32D763DBA00774D5C /* FuelEfficiencyView.swift */ = {isa = PBXFileReference; lastKnownFileType = sourcecode.swift; path = FuelEfficiencyView.swift; sourceTree = "<group>"; };
		7CE5B8D42D763DBA00774D5C /* FuelEffApp.swift */ = {isa = PBXFileReference; lastKnownFileType = sourcecode.swift; path = FuelEffApp.swift; sourceTree = "<group>"; };
/* End PBXFileReference section */

/* Begin PBXFrameworksBuildPhase section */
		7CE5B8AE2D763B0A00774D5C /* Frameworks */ = {
			isa = PBXFrameworksBuildPhase;
			buildActionMask = 2147483647;
			files = (
			);
			runOnlyForDeploymentPostprocessing = 0;
		};
/* End PBXFrameworksBuildPhase section */

/* Begin PBXGroup section */
		7CE5B8A82D763B0A00774D5C = {
			isa = PBXGroup;
			children = (
				7CE5B8D52D763DBA00774D5C /* FuelEff */,
				7CE5B8B22D763B0A00774D5C /* Products */,
			);
			sourceTree = "<group>";
		};
		7CE5B8B22D763B0A00774D5C /* Products */ = {
			isa = PBXGroup;
			children = (
				7CE5B8B12D763B0A00774D5C /* FuelEff.app */,
			);
			name = Products;
			sourceTree = "<group>";
		};
		7CE5B8CC2D763DBA00774D5C /* Model */ = {
			isa = PBXGroup;
			children = (
				7CE5B8CB2D763DBA00774D5C /* Efficiency.swift */,
			);
			path = Model;
			sourceTree = "<group>";
		};
		7CE5B8CE2D763DBA00774D5C /* Preview Content */ = {
			isa = PBXGroup;
			children = (
				7CE5B8CD2D763DBA00774D5C /* Preview Assets.xcassets */,
			);
			path = "Preview Content";
			sourceTree = "<group>";
		};
		7CE5B8D02D763DBA00774D5C /* ViewModel */ = {
			isa = PBXGroup;
			children = (
				7CE5B8CF2D763DBA00774D5C /* EfficiencyModel.swift */,
			);
			path = ViewModel;
			sourceTree = "<group>";
		};
		7CE5B8D12D763DBA00774D5C /* Views */ = {
			isa = PBXGroup;
			children = (
			);
			path = Views;
			sourceTree = "<group>";
		};
		7CE5B8D52D763DBA00774D5C /* FuelEff */ = {
			isa = PBXGroup;
			children = (
				7CE5B8CC2D763DBA00774D5C /* Model */,
				7CE5B8CE2D763DBA00774D5C /* Preview Content */,
				7CE5B8D02D763DBA00774D5C /* ViewModel */,
				7CE5B8D12D763DBA00774D5C /* Views */,
				7CE5B8D22D763DBA00774D5C /* Assets.xcassets */,
				7CE5B8D32D763DBA00774D5C /* FuelEfficiencyView.swift */,
				7CE5B8D42D763DBA00774D5C /* FuelEffApp.swift */,
			);
			path = FuelEff;
			sourceTree = "<group>";
		};
/* End PBXGroup section */

/* Begin PBXNativeTarget section */
		7CE5B8B02D763B0A00774D5C /* FuelEff */ = {
			isa = PBXNativeTarget;
			buildConfigurationList = 7CE5B8BF2D763B0E00774D5C /* Build configuration list for PBXNativeTarget "FuelEff" */;
			buildPhases = (
				7CE5B8AD2D763B0A00774D5C /* Sources */,
				7CE5B8AE2D763B0A00774D5C /* Frameworks */,
				7CE5B8AF2D763B0A00774D5C /* Resources */,
			);
			buildRules = (
			);
			dependencies = (
			);
			name = FuelEff;
			packageProductDependencies = (
			);
			productName = FuelEff;
			productReference = 7CE5B8B12D763B0A00774D5C /* FuelEff.app */;
			productType = "com.apple.product-type.application";
		};
/* End PBXNativeTarget section */

/* Begin PBXProject section */
		7CE5B8A92D763B0A00774D5C /* Project object */ = {
			isa = PBXProject;
			attributes = {
				BuildIndependentTargetsInParallel = 1;
				LastSwiftUpdateCheck = 1600;
				LastUpgradeCheck = 1600;
				TargetAttributes = {
					7CE5B8B02D763B0A00774D5C = {
						CreatedOnToolsVersion = 16.0;
					};
				};
			};
			buildConfigurationList = 7CE5B8AC2D763B0A00774D5C /* Build configuration list for PBXProject "FuelEff" */;
			developmentRegion = en;
			hasScannedForEncodings = 0;
			knownRegions = (
				en,
				Base,
			);
			mainGroup = 7CE5B8A82D763B0A00774D5C;
			minimizedProjectReferenceProxies = 1;
			preferredProjectObjectVersion = 77;
			productRefGroup = 7CE5B8B22D763B0A00774D5C /* Products */;
			projectDirPath = "";
			projectRoot = "";
			targets = (
				7CE5B8B02D763B0A00774D5C /* FuelEff */,
			);
		};
/* End PBXProject section */

/* Begin PBXResourcesBuildPhase section */
		7CE5B8AF2D763B0A00774D5C /* Resources */ = {
			isa = PBXResourcesBuildPhase;
			buildActionMask = 2147483647;
			files = (
				7CE5B8DA2D763DBA00774D5C /* Preview Assets.xcassets in Resources */,
				7CE5B8DB2D763DBA00774D5C /* Assets.xcassets in Resources */,
			);
			runOnlyForDeploymentPostprocessing = 0;
		};
/* End PBXResourcesBuildPhase section */

/* Begin PBXSourcesBuildPhase section */
		7CE5B8AD2D763B0A00774D5C /* Sources */ = {
			isa = PBXSourcesBuildPhase;
			buildActionMask = 2147483647;
			files = (
				7CE5B8D62D763DBA00774D5C /* Efficiency.swift in Sources */,
				7CE5B8D72D763DBA00774D5C /* EfficiencyModel.swift in Sources */,
				7CE5B8D82D763DBA00774D5C /* FuelEfficiencyView.swift in Sources */,
				7CE5B8D92D763DBA00774D5C /* FuelEffApp.swift in Sources */,
			);
			runOnlyForDeploymentPostprocessing = 0;
		};
/* End PBXSourcesBuildPhase section */

/* Begin XCBuildConfiguration section */
		7CE5B8BD2D763B0E00774D5C /* Debug */ = {
			isa = XCBuildConfiguration;
			buildSettings = {
				ALWAYS_SEARCH_USER_PATHS = NO;
				ASSETCATALOG_COMPILER_GENERATE_SWIFT_ASSET_SYMBOL_EXTENSIONS = YES;
				CLANG_ANALYZER_NONNULL = YES;
				CLANG_ANALYZER_NUMBER_OBJECT_CONVERSION = YES_AGGRESSIVE;
				CLANG_CXX_LANGUAGE_STANDARD = "gnu++20";
				CLANG_ENABLE_MODULES = YES;
				CLANG_ENABLE_OBJC_ARC = YES;
				CLANG_ENABLE_OBJC_WEAK = YES;
				CLANG_WARN_BLOCK_CAPTURE_AUTORELEASING = YES;
				CLANG_WARN_BOOL_CONVERSION = YES;
				CLANG_WARN_COMMA = YES;
				CLANG_WARN_CONSTANT_CONVERSION = YES;
				CLANG_WARN_DEPRECATED_OBJC_IMPLEMENTATIONS = YES;
				CLANG_WARN_DIRECT_OBJC_ISA_USAGE = YES_ERROR;
				CLANG_WARN_DOCUMENTATION_COMMENTS = YES;
				CLANG_WARN_EMPTY_BODY = YES;
				CLANG_WARN_ENUM_CONVERSION = YES;
				CLANG_WARN_INFINITE_RECURSION = YES;
				CLANG_WARN_INT_CONVERSION = YES;
				CLANG_WARN_NON_LITERAL_NULL_CONVERSION = YES;
				CLANG_WARN_OBJC_IMPLICIT_RETAIN_SELF = YES;
				CLANG_WARN_OBJC_LITERAL_CONVERSION = YES;
				CLANG_WARN_OBJC_ROOT_CLASS = YES_ERROR;
				CLANG_WARN_QUOTED_INCLUDE_IN_FRAMEWORK_HEADER = YES;
				CLANG_WARN_RANGE_LOOP_ANALYSIS = YES;
				CLANG_WARN_STRICT_PROTOTYPES = YES;
				CLANG_WARN_SUSPICIOUS_MOVE = YES;
				CLANG_WARN_UNGUARDED_AVAILABILITY = YES_AGGRESSIVE;
				CLANG_WARN_UNREACHABLE_CODE = YES;
				CLANG_WARN__DUPLICATE_METHOD_MATCH = YES;
				COPY_PHASE_STRIP = NO;
				DEBUG_INFORMATION_FORMAT = dwarf;
				ENABLE_STRICT_OBJC_MSGSEND = YES;
				ENABLE_TESTABILITY = YES;
				ENABLE_USER_SCRIPT_SANDBOXING = YES;
				GCC_C_LANGUAGE_STANDARD = gnu17;
				GCC_DYNAMIC_NO_PIC = NO;
				GCC_NO_COMMON_BLOCKS = YES;
				GCC_OPTIMIZATION_LEVEL = 0;
				GCC_PREPROCESSOR_DEFINITIONS = (
					"DEBUG=1",
					"$(inherited)",
				);
				GCC_WARN_64_TO_32_BIT_CONVERSION = YES;
				GCC_WARN_ABOUT_RETURN_TYPE = YES_ERROR;
				GCC_WARN_UNDECLARED_SELECTOR = YES;
				GCC_WARN_UNINITIALIZED_AUTOS = YES_AGGRESSIVE;
				GCC_WARN_UNUSED_FUNCTION = YES;
				GCC_WARN_UNUSED_VARIABLE = YES;
				IPHONEOS_DEPLOYMENT_TARGET = 18.0;
				LOCALIZATION_PREFERS_STRING_CATALOGS = YES;
				MTL_ENABLE_DEBUG_INFO = INCLUDE_SOURCE;
				MTL_FAST_MATH = YES;
				ONLY_ACTIVE_ARCH = YES;
				SDKROOT = iphoneos;
				SWIFT_ACTIVE_COMPILATION_CONDITIONS = "DEBUG $(inherited)";
				SWIFT_OPTIMIZATION_LEVEL = "-Onone";
			};
			name = Debug;
		};
		7CE5B8BE2D763B0E00774D5C /* Release */ = {
			isa = XCBuildConfiguration;
			buildSettings = {
				ALWAYS_SEARCH_USER_PATHS = NO;
				ASSETCATALOG_COMPILER_GENERATE_SWIFT_ASSET_SYMBOL_EXTENSIONS = YES;
				CLANG_ANALYZER_NONNULL = YES;
				CLANG_ANALYZER_NUMBER_OBJECT_CONVERSION = YES_AGGRESSIVE;
				CLANG_CXX_LANGUAGE_STANDARD = "gnu++20";
				CLANG_ENABLE_MODULES = YES;
				CLANG_ENABLE_OBJC_ARC = YES;
				CLANG_ENABLE_OBJC_WEAK = YES;
				CLANG_WARN_BLOCK_CAPTURE_AUTORELEASING = YES;
				CLANG_WARN_BOOL_CONVERSION = YES;
				CLANG_WARN_COMMA = YES;
				CLANG_WARN_CONSTANT_CONVERSION = YES;
				CLANG_WARN_DEPRECATED_OBJC_IMPLEMENTATIONS = YES;
				CLANG_WARN_DIRECT_OBJC_ISA_USAGE = YES_ERROR;
				CLANG_WARN_DOCUMENTATION_COMMENTS = YES;
				CLANG_WARN_EMPTY_BODY = YES;
				CLANG_WARN_ENUM_CONVERSION = YES;
				CLANG_WARN_INFINITE_RECURSION = YES;
				CLANG_WARN_INT_CONVERSION = YES;
				CLANG_WARN_NON_LITERAL_NULL_CONVERSION = YES;
				CLANG_WARN_OBJC_IMPLICIT_RETAIN_SELF = YES;
				CLANG_WARN_OBJC_LITERAL_CONVERSION = YES;
				CLANG_WARN_OBJC_ROOT_CLASS = YES_ERROR;
				CLANG_WARN_QUOTED_INCLUDE_IN_FRAMEWORK_HEADER = YES;
				CLANG_WARN_RANGE_LOOP_ANALYSIS = YES;
				CLANG_WARN_STRICT_PROTOTYPES = YES;
				CLANG_WARN_SUSPICIOUS_MOVE = YES;
				CLANG_WARN_UNGUARDED_AVAILABILITY = YES_AGGRESSIVE;
				CLANG_WARN_UNREACHABLE_CODE = YES;
				CLANG_WARN__DUPLICATE_METHOD_MATCH = YES;
				COPY_PHASE_STRIP = NO;
				DEBUG_INFORMATION_FORMAT = "dwarf-with-dsym";
				ENABLE_NS_ASSERTIONS = NO;
				ENABLE_STRICT_OBJC_MSGSEND = YES;
				ENABLE_USER_SCRIPT_SANDBOXING = YES;
				GCC_C_LANGUAGE_STANDARD = gnu17;
				GCC_NO_COMMON_BLOCKS = YES;
				GCC_WARN_64_TO_32_BIT_CONVERSION = YES;
				GCC_WARN_ABOUT_RETURN_TYPE = YES_ERROR;
				GCC_WARN_UNDECLARED_SELECTOR = YES;
				GCC_WARN_UNINITIALIZED_AUTOS = YES_AGGRESSIVE;
				GCC_WARN_UNUSED_FUNCTION = YES;
				GCC_WARN_UNUSED_VARIABLE = YES;
				IPHONEOS_DEPLOYMENT_TARGET = 18.0;
				LOCALIZATION_PREFERS_STRING_CATALOGS = YES;
				MTL_ENABLE_DEBUG_INFO = NO;
				MTL_FAST_MATH = YES;
				SDKROOT = iphoneos;
				SWIFT_COMPILATION_MODE = wholemodule;
				VALIDATE_PRODUCT = YES;
			};
			name = Release;
		};
		7CE5B8C02D763B0E00774D5C /* Debug */ = {
			isa = XCBuildConfiguration;
			buildSettings = {
				ASSETCATALOG_COMPILER_APPICON_NAME = AppIcon;
				ASSETCATALOG_COMPILER_GLOBAL_ACCENT_COLOR_NAME = AccentColor;
				CODE_SIGN_STYLE = Automatic;
				CURRENT_PROJECT_VERSION = 1;
				DEVELOPMENT_ASSET_PATHS = "\"FuelEff/Preview Content\"";
				DEVELOPMENT_TEAM = PWCW525664;
				ENABLE_PREVIEWS = YES;
				GENERATE_INFOPLIST_FILE = YES;
				INFOPLIST_KEY_UIApplicationSceneManifest_Generation = YES;
				INFOPLIST_KEY_UIApplicationSupportsIndirectInputEvents = YES;
				INFOPLIST_KEY_UILaunchScreen_Generation = YES;
				INFOPLIST_KEY_UISupportedInterfaceOrientations_iPad = "UIInterfaceOrientationPortrait UIInterfaceOrientationPortraitUpsideDown UIInterfaceOrientationLandscapeLeft UIInterfaceOrientationLandscapeRight";
				INFOPLIST_KEY_UISupportedInterfaceOrientations_iPhone = "UIInterfaceOrientationPortrait UIInterfaceOrientationLandscapeLeft UIInterfaceOrientationLandscapeRight";
				LD_RUNPATH_SEARCH_PATHS = (
					"$(inherited)",
					"@executable_path/Frameworks",
				);
				MARKETING_VERSION = 1.0;
				PRODUCT_BUNDLE_IDENTIFIER = ca.klam.FuelEff;
				PRODUCT_NAME = "$(TARGET_NAME)";
				SWIFT_EMIT_LOC_STRINGS = YES;
				SWIFT_VERSION = 5.0;
				TARGETED_DEVICE_FAMILY = "1,2";
			};
			name = Debug;
		};
		7CE5B8C12D763B0E00774D5C /* Release */ = {
			isa = XCBuildConfiguration;
			buildSettings = {
				ASSETCATALOG_COMPILER_APPICON_NAME = AppIcon;
				ASSETCATALOG_COMPILER_GLOBAL_ACCENT_COLOR_NAME = AccentColor;
				CODE_SIGN_STYLE = Automatic;
				CURRENT_PROJECT_VERSION = 1;
				DEVELOPMENT_ASSET_PATHS = "\"FuelEff/Preview Content\"";
				DEVELOPMENT_TEAM = PWCW525664;
				ENABLE_PREVIEWS = YES;
				GENERATE_INFOPLIST_FILE = YES;
				INFOPLIST_KEY_UIApplicationSceneManifest_Generation = YES;
				INFOPLIST_KEY_UIApplicationSupportsIndirectInputEvents = YES;
				INFOPLIST_KEY_UILaunchScreen_Generation = YES;
				INFOPLIST_KEY_UISupportedInterfaceOrientations_iPad = "UIInterfaceOrientationPortrait UIInterfaceOrientationPortraitUpsideDown UIInterfaceOrientationLandscapeLeft UIInterfaceOrientationLandscapeRight";
				INFOPLIST_KEY_UISupportedInterfaceOrientations_iPhone = "UIInterfaceOrientationPortrait UIInterfaceOrientationLandscapeLeft UIInterfaceOrientationLandscapeRight";
				LD_RUNPATH_SEARCH_PATHS = (
					"$(inherited)",
					"@executable_path/Frameworks",
				);
				MARKETING_VERSION = 1.0;
				PRODUCT_BUNDLE_IDENTIFIER = ca.klam.FuelEff;
				PRODUCT_NAME = "$(TARGET_NAME)";
				SWIFT_EMIT_LOC_STRINGS = YES;
				SWIFT_VERSION = 5.0;
				TARGETED_DEVICE_FAMILY = "1,2";
			};
			name = Release;
		};
/* End XCBuildConfiguration section */

/* Begin XCConfigurationList section */
		7CE5B8AC2D763B0A00774D5C /* Build configuration list for PBXProject "FuelEff" */ = {
			isa = XCConfigurationList;
			buildConfigurations = (
				7CE5B8BD2D763B0E00774D5C /* Debug */,
				7CE5B8BE2D763B0E00774D5C /* Release */,
			);
			defaultConfigurationIsVisible = 0;
			defaultConfigurationName = Release;
		};
		7CE5B8BF2D763B0E00774D5C /* Build configuration list for PBXNativeTarget "FuelEff" */ = {
			isa = XCConfigurationList;
			buildConfigurations = (
				7CE5B8C02D763B0E00774D5C /* Debug */,
				7CE5B8C12D763B0E00774D5C /* Release */,
			);
			defaultConfigurationIsVisible = 0;
			defaultConfigurationName = Release;
		};
/* End XCConfigurationList section */
	};
	rootObject = 7CE5B8A92D763B0A00774D5C /* Project object */;
}
